
Microsoft Visual Studio Solution File, Format Version 12.00
# Visual Studio Version 16
VisualStudioVersion = 16.0.30804.86
MinimumVisualStudioVersion = 10.0.40219.1
Project("{FAE04EC0-301F-11D3-BF4B-00C04F79EFBC}") = "LinqKit.AsyncSupport", "LinqKit.AsyncSupport.csproj", "{3EA1ED60-F625-489C-83CA-08E6F775AFB4}"
EndProject
Global
	GlobalSection(SolutionConfigurationPlatforms) = preSolution
		Debug|Any CPU = Debug|Any CPU
		Release|Any CPU = Release|Any CPU
	EndGlobalSection
	GlobalSection(ProjectConfigurationPlatforms) = postSolution
		{3EA1ED60-F625-489C-83CA-08E6F775AFB4}.Debug|Any CPU.ActiveCfg = Debug|Any CPU
		{3EA1ED60-F625-489C-83CA-08E6F775AFB4}.Debug|Any CPU.Build.0 = Debug|Any CPU
		{3EA1ED60-F625-489C-83CA-08E6F775AFB4}.Release|Any CPU.ActiveCfg = Release|Any CPU
		{3EA1ED60-F625-489C-83CA-08E6F775AFB4}.Release|Any CPU.Build.0 = Release|Any CPU
	EndGlobalSection
	GlobalSection(SolutionProperties) = preSolution
		HideSolutionNode = FALSE
	EndGlobalSection
	GlobalSection(ExtensibilityGlobals) = postSolution
		SolutionGuid = {65745A3C-B7A8-4090-A2D4-003344E0C37F}
	EndGlobalSection
EndGlobal
